// !$*UTF8*$!
{
	archiveVersion = 1;
	classes = {
	};
	objectVersion = 56;
	objects = {

/* Begin PBXBuildFile section */
		56A7E2452923CBA300EB64AC /* StopwatchExerciseApp.swift in Sources */ = {isa = PBXBuildFile; fileRef = 56A7E2442923CBA300EB64AC /* StopwatchExerciseApp.swift */; };
		56A7E2472923CBA300EB64AC /* ContentView.swift in Sources */ = {isa = PBXBuildFile; fileRef = 56A7E2462923CBA300EB64AC /* ContentView.swift */; };
		56A7E2492923CBA400EB64AC /* Assets.xcassets in Resources */ = {isa = PBXBuildFile; fileRef = 56A7E2482923CBA400EB64AC /* Assets.xcassets */; };
		56A7E24C2923CBA400EB64AC /* Preview Assets.xcassets in Resources */ = {isa = PBXBuildFile; fileRef = 56A7E24B2923CBA400EB64AC /* Preview Assets.xcassets */; };
		56A7E2592923CBEC00EB64AC /* StopwatchExerciseTests.swift in Sources */ = {isa = PBXBuildFile; fileRef = 56A7E2582923CBEC00EB64AC /* StopwatchExerciseTests.swift */; };
		56A7E2602923D21F00EB64AC /* README.md in Resources */ = {isa = PBXBuildFile; fileRef = 56A7E25F2923D21F00EB64AC /* README.md */; };
/* End PBXBuildFile section */

/* Begin PBXContainerItemProxy section */
		56A7E25A2923CBEC00EB64AC /* PBXContainerItemProxy */ = {
			isa = PBXContainerItemProxy;
			containerPortal = 56A7E2392923CBA200EB64AC /* Project object */;
			proxyType = 1;
			remoteGlobalIDString = 56A7E2402923CBA200EB64AC;
			remoteInfo = StopwatchExercise;
		};
/* End PBXContainerItemProxy section */

/* Begin PBXFileReference section */
		56A7E2412923CBA200EB64AC /* StopwatchExercise.app */ = {isa = PBXFileReference; explicitFileType = wrapper.application; includeInIndex = 0; path = StopwatchExercise.app; sourceTree = BUILT_PRODUCTS_DIR; };
		56A7E2442923CBA300EB64AC /* StopwatchExerciseApp.swift */ = {isa = PBXFileReference; lastKnownFileType = sourcecode.swift; path = StopwatchExerciseApp.swift; sourceTree = "<group>"; };
		56A7E2462923CBA300EB64AC /* ContentView.swift */ = {isa = PBXFileReference; lastKnownFileType = sourcecode.swift; path = ContentView.swift; sourceTree = "<group>"; };
		56A7E2482923CBA400EB64AC /* Assets.xcassets */ = {isa = PBXFileReference; lastKnownFileType = folder.assetcatalog; path = Assets.xcassets; sourceTree = "<group>"; };
		56A7E24B2923CBA400EB64AC /* Preview Assets.xcassets */ = {isa = PBXFileReference; lastKnownFileType = folder.assetcatalog; path = "Preview Assets.xcassets"; sourceTree = "<group>"; };
		56A7E2562923CBEC00EB64AC /* StopwatchExerciseTests.xctest */ = {isa = PBXFileReference; explicitFileType = wrapper.cfbundle; includeInIndex = 0; path = StopwatchExerciseTests.xctest; sourceTree = BUILT_PRODUCTS_DIR; };
		56A7E2582923CBEC00EB64AC /* StopwatchExerciseTests.swift */ = {isa = PBXFileReference; lastKnownFileType = sourcecode.swift; path = StopwatchExerciseTests.swift; sourceTree = "<group>"; };
		56A7E25F2923D21F00EB64AC /* README.md */ = {isa = PBXFileReference; fileEncoding = 4; lastKnownFileType = net.daringfireball.markdown; path = README.md; sourceTree = "<group>"; };
/* End PBXFileReference section */

/* Begin PBXFrameworksBuildPhase section */
		56A7E23E2923CBA200EB64AC /* Frameworks */ = {
			isa = PBXFrameworksBuildPhase;
			buildActionMask = 2147483647;
			files = (
			);
			runOnlyForDeploymentPostprocessing = 0;
		};
		56A7E2532923CBEC00EB64AC /* Frameworks */ = {
			isa = PBXFrameworksBuildPhase;
			buildActionMask = 2147483647;
			files = (
			);
			runOnlyForDeploymentPostprocessing = 0;
		};
/* End PBXFrameworksBuildPhase section */

/* Begin PBXGroup section */
		56A7E2382923CBA200EB64AC = {
			isa = PBXGroup;
			children = (
				56A7E25F2923D21F00EB64AC /* README.md */,
				56A7E2432923CBA200EB64AC /* StopwatchExercise */,
				56A7E2572923CBEC00EB64AC /* StopwatchExerciseTests */,
				56A7E2422923CBA200EB64AC /* Products */,
			);
			sourceTree = "<group>";
		};
		56A7E2422923CBA200EB64AC /* Products */ = {
			isa = PBXGroup;
			children = (
				56A7E2412923CBA200EB64AC /* StopwatchExercise.app */,
				56A7E2562923CBEC00EB64AC /* StopwatchExerciseTests.xctest */,
			);
			name = Products;
			sourceTree = "<group>";
		};
		56A7E2432923CBA200EB64AC /* StopwatchExercise */ = {
			isa = PBXGroup;
			children = (
				56A7E2442923CBA300EB64AC /* StopwatchExerciseApp.swift */,
				56A7E2462923CBA300EB64AC /* ContentView.swift */,
				56A7E2482923CBA400EB64AC /* Assets.xcassets */,
				56A7E24A2923CBA400EB64AC /* Preview Content */,
			);
			path = StopwatchExercise;
			sourceTree = "<group>";
		};
		56A7E24A2923CBA400EB64AC /* Preview Content */ = {
			isa = PBXGroup;
			children = (
				56A7E24B2923CBA400EB64AC /* Preview Assets.xcassets */,
			);
			path = "Preview Content";
			sourceTree = "<group>";
		};
		56A7E2572923CBEC00EB64AC /* StopwatchExerciseTests */ = {
			isa = PBXGroup;
			children = (
				56A7E2582923CBEC00EB64AC /* StopwatchExerciseTests.swift */,
			);
			path = StopwatchExerciseTests;
			sourceTree = "<group>";
		};
/* End PBXGroup section */

/* Begin PBXNativeTarget section */
		56A7E2402923CBA200EB64AC /* StopwatchExercise */ = {
			isa = PBXNativeTarget;
			buildConfigurationList = 56A7E24F2923CBA400EB64AC /* Build configuration list for PBXNativeTarget "StopwatchExercise" */;
			buildPhases = (
				56A7E23D2923CBA200EB64AC /* Sources */,
				56A7E23E2923CBA200EB64AC /* Frameworks */,
				56A7E23F2923CBA200EB64AC /* Resources */,
			);
			buildRules = (
			);
			dependencies = (
			);
			name = StopwatchExercise;
			productName = StopwatchExercise;
			productReference = 56A7E2412923CBA200EB64AC /* StopwatchExercise.app */;
			productType = "com.apple.product-type.application";
		};
		56A7E2552923CBEC00EB64AC /* StopwatchExerciseTests */ = {
			isa = PBXNativeTarget;
			buildConfigurationList = 56A7E25C2923CBEC00EB64AC /* Build configuration list for PBXNativeTarget "StopwatchExerciseTests" */;
			buildPhases = (
				56A7E2522923CBEC00EB64AC /* Sources */,
				56A7E2532923CBEC00EB64AC /* Frameworks */,
				56A7E2542923CBEC00EB64AC /* Resources */,
			);
			buildRules = (
			);
			dependencies = (
				56A7E25B2923CBEC00EB64AC /* PBXTargetDependency */,
			);
			name = StopwatchExerciseTests;
			productName = StopwatchExerciseTests;
			productReference = 56A7E2562923CBEC00EB64AC /* StopwatchExerciseTests.xctest */;
			productType = "com.apple.product-type.bundle.unit-test";
		};
/* End PBXNativeTarget section */

/* Begin PBXProject section */
		56A7E2392923CBA200EB64AC /* Project object */ = {
			isa = PBXProject;
			attributes = {
				BuildIndependentTargetsInParallel = 1;
				LastSwiftUpdateCheck = 1410;
				LastUpgradeCheck = 1410;
				TargetAttributes = {
					56A7E2402923CBA200EB64AC = {
						CreatedOnToolsVersion = 14.1;
					};
					56A7E2552923CBEC00EB64AC = {
						CreatedOnToolsVersion = 14.1;
						TestTargetID = 56A7E2402923CBA200EB64AC;
					};
				};
			};
			buildConfigurationList = 56A7E23C2923CBA200EB64AC /* Build configuration list for PBXProject "StopwatchExercise" */;
			compatibilityVersion = "Xcode 14.0";
			developmentRegion = en;
			hasScannedForEncodings = 0;
			knownRegions = (
				en,
				Base,
			);
			mainGroup = 56A7E2382923CBA200EB64AC;
			productRefGroup = 56A7E2422923CBA200EB64AC /* Products */;
			projectDirPath = "";
			projectRoot = "";
			targets = (
				56A7E2402923CBA200EB64AC /* StopwatchExercise */,
				56A7E2552923CBEC00EB64AC /* StopwatchExerciseTests */,
			);
		};
/* End PBXProject section */

/* Begin PBXResourcesBuildPhase section */
		56A7E23F2923CBA200EB64AC /* Resources */ = {
			isa = PBXResourcesBuildPhase;
			buildActionMask = 2147483647;
			files = (
				56A7E2602923D21F00EB64AC /* README.md in Resources */,
				56A7E24C2923CBA400EB64AC /* Preview Assets.xcassets in Resources */,
				56A7E2492923CBA400EB64AC /* Assets.xcassets in Resources */,
			);
			runOnlyForDeploymentPostprocessing = 0;
		};
		56A7E2542923CBEC00EB64AC /* Resources */ = {
			isa = PBXResourcesBuildPhase;
			buildActionMask = 2147483647;
			files = (
			);
			runOnlyForDeploymentPostprocessing = 0;
		};
/* End PBXResourcesBuildPhase section */

/* Begin PBXSourcesBuildPhase section */
		56A7E23D2923CBA200EB64AC /* Sources */ = {
			isa = PBXSourcesBuildPhase;
			buildActionMask = 2147483647;
			files = (
				56A7E2472923CBA300EB64AC /* ContentView.swift in Sources */,
				56A7E2452923CBA300EB64AC /* StopwatchExerciseApp.swift in Sources */,
			);
			runOnlyForDeploymentPostprocessing = 0;
		};
		56A7E2522923CBEC00EB64AC /* Sources */ = {
			isa = PBXSourcesBuildPhase;
			buildActionMask = 2147483647;
			files = (
				56A7E2592923CBEC00EB64AC /* StopwatchExerciseTests.swift in Sources */,
			);
			runOnlyForDeploymentPostprocessing = 0;
		};
/* End PBXSourcesBuildPhase section */

/* Begin PBXTargetDependency section */
		56A7E25B2923CBEC00EB64AC /* PBXTargetDependency */ = {
			isa = PBXTargetDependency;
			target = 56A7E2402923CBA200EB64AC /* StopwatchExercise */;
			targetProxy = 56A7E25A2923CBEC00EB64AC /* PBXContainerItemProxy */;
		};
/* End PBXTargetDependency section */

/* Begin XCBuildConfiguration section */
		56A7E24D2923CBA400EB64AC /* Debug */ = {
			isa = XCBuildConfiguration;
			buildSettings = {
				ALWAYS_SEARCH_USER_PATHS = NO;
				CLANG_ANALYZER_NONNULL = YES;
				CLANG_ANALYZER_NUMBER_OBJECT_CONVERSION = YES_AGGRESSIVE;
				CLANG_CXX_LANGUAGE_STANDARD = "gnu++20";
				CLANG_ENABLE_MODULES = YES;
				CLANG_ENABLE_OBJC_ARC = YES;
				CLANG_ENABLE_OBJC_WEAK = YES;
				CLANG_WARN_BLOCK_CAPTURE_AUTORELEASING = YES;
				CLANG_WARN_BOOL_CONVERSION = YES;
				CLANG_WARN_COMMA = YES;
				CLANG_WARN_CONSTANT_CONVERSION = YES;
				CLANG_WARN_DEPRECATED_OBJC_IMPLEMENTATIONS = YES;
				CLANG_WARN_DIRECT_OBJC_ISA_USAGE = YES_ERROR;
				CLANG_WARN_DOCUMENTATION_COMMENTS = YES;
				CLANG_WARN_EMPTY_BODY = YES;
				CLANG_WARN_ENUM_CONVERSION = YES;
				CLANG_WARN_INFINITE_RECURSION = YES;
				CLANG_WARN_INT_CONVERSION = YES;
				CLANG_WARN_NON_LITERAL_NULL_CONVERSION = YES;
				CLANG_WARN_OBJC_IMPLICIT_RETAIN_SELF = YES;
				CLANG_WARN_OBJC_LITERAL_CONVERSION = YES;
				CLANG_WARN_OBJC_ROOT_CLASS = YES_ERROR;
				CLANG_WARN_QUOTED_INCLUDE_IN_FRAMEWORK_HEADER = YES;
				CLANG_WARN_RANGE_LOOP_ANALYSIS = YES;
				CLANG_WARN_STRICT_PROTOTYPES = YES;
				CLANG_WARN_SUSPICIOUS_MOVE = YES;
				CLANG_WARN_UNGUARDED_AVAILABILITY = YES_AGGRESSIVE;
				CLANG_WARN_UNREACHABLE_CODE = YES;
				CLANG_WARN__DUPLICATE_METHOD_MATCH = YES;
				COPY_PHASE_STRIP = NO;
				DEBUG_INFORMATION_FORMAT = dwarf;
				ENABLE_STRICT_OBJC_MSGSEND = YES;
				ENABLE_TESTABILITY = YES;
				GCC_C_LANGUAGE_STANDARD = gnu11;
				GCC_DYNAMIC_NO_PIC = NO;
				GCC_NO_COMMON_BLOCKS = YES;
				GCC_OPTIMIZATION_LEVEL = 0;
				GCC_PREPROCESSOR_DEFINITIONS = (
					"DEBUG=1",
					"$(inherited)",
				);
				GCC_WARN_64_TO_32_BIT_CONVERSION = YES;
				GCC_WARN_ABOUT_RETURN_TYPE = YES_ERROR;
				GCC_WARN_UNDECLARED_SELECTOR = YES;
				GCC_WARN_UNINITIALIZED_AUTOS = YES_AGGRESSIVE;
				GCC_WARN_UNUSED_FUNCTION = YES;
				GCC_WARN_UNUSED_VARIABLE = YES;
				IPHONEOS_DEPLOYMENT_TARGET = 16.0;
				MTL_ENABLE_DEBUG_INFO = INCLUDE_SOURCE;
				MTL_FAST_MATH = YES;
				ONLY_ACTIVE_ARCH = YES;
				SDKROOT = iphoneos;
				SWIFT_ACTIVE_COMPILATION_CONDITIONS = DEBUG;
				SWIFT_OPTIMIZATION_LEVEL = "-Onone";
			};
			name = Debug;
		};
		56A7E24E2923CBA400EB64AC /* Release */ = {
			isa = XCBuildConfiguration;
			buildSettings = {
				ALWAYS_SEARCH_USER_PATHS = NO;
				CLANG_ANALYZER_NONNULL = YES;
				CLANG_ANALYZER_NUMBER_OBJECT_CONVERSION = YES_AGGRESSIVE;
				CLANG_CXX_LANGUAGE_STANDARD = "gnu++20";
				CLANG_ENABLE_MODULES = YES;
				CLANG_ENABLE_OBJC_ARC = YES;
				CLANG_ENABLE_OBJC_WEAK = YES;
				CLANG_WARN_BLOCK_CAPTURE_AUTORELEASING = YES;
				CLANG_WARN_BOOL_CONVERSION = YES;
				CLANG_WARN_COMMA = YES;
				CLANG_WARN_CONSTANT_CONVERSION = YES;
				CLANG_WARN_DEPRECATED_OBJC_IMPLEMENTATIONS = YES;
				CLANG_WARN_DIRECT_OBJC_ISA_USAGE = YES_ERROR;
				CLANG_WARN_DOCUMENTATION_COMMENTS = YES;
				CLANG_WARN_EMPTY_BODY = YES;
				CLANG_WARN_ENUM_CONVERSION = YES;
				CLANG_WARN_INFINITE_RECURSION = YES;
				CLANG_WARN_INT_CONVERSION = YES;
				CLANG_WARN_NON_LITERAL_NULL_CONVERSION = YES;
				CLANG_WARN_OBJC_IMPLICIT_RETAIN_SELF = YES;
				CLANG_WARN_OBJC_LITERAL_CONVERSION = YES;
				CLANG_WARN_OBJC_ROOT_CLASS = YES_ERROR;
				CLANG_WARN_QUOTED_INCLUDE_IN_FRAMEWORK_HEADER = YES;
				CLANG_WARN_RANGE_LOOP_ANALYSIS = YES;
				CLANG_WARN_STRICT_PROTOTYPES = YES;
				CLANG_WARN_SUSPICIOUS_MOVE = YES;
				CLANG_WARN_UNGUARDED_AVAILABILITY = YES_AGGRESSIVE;
				CLANG_WARN_UNREACHABLE_CODE = YES;
				CLANG_WARN__DUPLICATE_METHOD_MATCH = YES;
				COPY_PHASE_STRIP = NO;
				DEBUG_INFORMATION_FORMAT = "dwarf-with-dsym";
				ENABLE_NS_ASSERTIONS = NO;
				ENABLE_STRICT_OBJC_MSGSEND = YES;
				GCC_C_LANGUAGE_STANDARD = gnu11;
				GCC_NO_COMMON_BLOCKS = YES;
				GCC_WARN_64_TO_32_BIT_CONVERSION = YES;
				GCC_WARN_ABOUT_RETURN_TYPE = YES_ERROR;
				GCC_WARN_UNDECLARED_SELECTOR = YES;
				GCC_WARN_UNINITIALIZED_AUTOS = YES_AGGRESSIVE;
				GCC_WARN_UNUSED_FUNCTION = YES;
				GCC_WARN_UNUSED_VARIABLE = YES;
				IPHONEOS_DEPLOYMENT_TARGET = 16.0;
				MTL_ENABLE_DEBUG_INFO = NO;
				MTL_FAST_MATH = YES;
				SDKROOT = iphoneos;
				SWIFT_COMPILATION_MODE = wholemodule;
				SWIFT_OPTIMIZATION_LEVEL = "-O";
				VALIDATE_PRODUCT = YES;
			};
			name = Release;
		};
		56A7E2502923CBA400EB64AC /* Debug */ = {
			isa = XCBuildConfiguration;
			buildSettings = {
				ASSETCATALOG_COMPILER_APPICON_NAME = AppIcon;
				ASSETCATALOG_COMPILER_GLOBAL_ACCENT_COLOR_NAME = AccentColor;
				CODE_SIGN_STYLE = Automatic;
				CURRENT_PROJECT_VERSION = 1;
				DEVELOPMENT_ASSET_PATHS = "\"StopwatchExercise/Preview Content\"";
				DEVELOPMENT_TEAM = 8PJ45T947H;
				ENABLE_PREVIEWS = YES;
				GENERATE_INFOPLIST_FILE = YES;
				INFOPLIST_KEY_UIApplicationSceneManifest_Generation = YES;
				INFOPLIST_KEY_UIApplicationSupportsIndirectInputEvents = YES;
				INFOPLIST_KEY_UILaunchScreen_Generation = YES;
				INFOPLIST_KEY_UISupportedInterfaceOrientations_iPad = "UIInterfaceOrientationPortrait UIInterfaceOrientationPortraitUpsideDown UIInterfaceOrientationLandscapeLeft UIInterfaceOrientationLandscapeRight";
				INFOPLIST_KEY_UISupportedInterfaceOrientations_iPhone = "UIInterfaceOrientationPortrait UIInterfaceOrientationLandscapeLeft UIInterfaceOrientationLandscapeRight";
				LD_RUNPATH_SEARCH_PATHS = (
					"$(inherited)",
					"@executable_path/Frameworks",
				);
				MARKETING_VERSION = 1.0;
				PRODUCT_BUNDLE_IDENTIFIER = com.rosqoe.StopwatchExercise;
				PRODUCT_NAME = "$(TARGET_NAME)";
				SWIFT_EMIT_LOC_STRINGS = YES;
				SWIFT_VERSION = 5.0;
				TARGETED_DEVICE_FAMILY = "1,2";
			};
			name = Debug;
		};
		56A7E2512923CBA400EB64AC /* Release */ = {
			isa = XCBuildConfiguration;
			buildSettings = {
				ASSETCATALOG_COMPILER_APPICON_NAME = AppIcon;
				ASSETCATALOG_COMPILER_GLOBAL_ACCENT_COLOR_NAME = AccentColor;
				CODE_SIGN_STYLE = Automatic;
				CURRENT_PROJECT_VERSION = 1;
				DEVELOPMENT_ASSET_PATHS = "\"StopwatchExercise/Preview Content\"";
				DEVELOPMENT_TEAM = 8PJ45T947H;
				ENABLE_PREVIEWS = YES;
				GENERATE_INFOPLIST_FILE = YES;
				INFOPLIST_KEY_UIApplicationSceneManifest_Generation = YES;
				INFOPLIST_KEY_UIApplicationSupportsIndirectInputEvents = YES;
				INFOPLIST_KEY_UILaunchScreen_Generation = YES;
				INFOPLIST_KEY_UISupportedInterfaceOrientations_iPad = "UIInterfaceOrientationPortrait UIInterfaceOrientationPortraitUpsideDown UIInterfaceOrientationLandscapeLeft UIInterfaceOrientationLandscapeRight";
				INFOPLIST_KEY_UISupportedInterfaceOrientations_iPhone = "UIInterfaceOrientationPortrait UIInterfaceOrientationLandscapeLeft UIInterfaceOrientationLandscapeRight";
				LD_RUNPATH_SEARCH_PATHS = (
					"$(inherited)",
					"@executable_path/Frameworks",
				);
				MARKETING_VERSION = 1.0;
				PRODUCT_BUNDLE_IDENTIFIER = com.rosqoe.StopwatchExercise;
				PRODUCT_NAME = "$(TARGET_NAME)";
				SWIFT_EMIT_LOC_STRINGS = YES;
				SWIFT_VERSION = 5.0;
				TARGETED_DEVICE_FAMILY = "1,2";
			};
			name = Release;
		};
		56A7E25D2923CBEC00EB64AC /* Debug */ = {
			isa = XCBuildConfiguration;
			buildSettings = {
				BUNDLE_LOADER = "$(TEST_HOST)";
				CODE_SIGN_STYLE = Automatic;
				CURRENT_PROJECT_VERSION = 1;
				DEVELOPMENT_TEAM = 8PJ45T947H;
				GENERATE_INFOPLIST_FILE = YES;
				IPHONEOS_DEPLOYMENT_TARGET = 16.0;
				MARKETING_VERSION = 1.0;
				PRODUCT_BUNDLE_IDENTIFIER = com.rosqoe.StopwatchExerciseTests;
				PRODUCT_NAME = "$(TARGET_NAME)";
				SWIFT_EMIT_LOC_STRINGS = NO;
				SWIFT_VERSION = 5.0;
				TARGETED_DEVICE_FAMILY = "1,2";
				TEST_HOST = "$(BUILT_PRODUCTS_DIR)/StopwatchExercise.app/$(BUNDLE_EXECUTABLE_FOLDER_PATH)/StopwatchExercise";
			};
			name = Debug;
		};
		56A7E25E2923CBEC00EB64AC /* Release */ = {
			isa = XCBuildConfiguration;
			buildSettings = {
				BUNDLE_LOADER = "$(TEST_HOST)";
				CODE_SIGN_STYLE = Automatic;
				CURRENT_PROJECT_VERSION = 1;
				DEVELOPMENT_TEAM = 8PJ45T947H;
				GENERATE_INFOPLIST_FILE = YES;
				IPHONEOS_DEPLOYMENT_TARGET = 16.0;
				MARKETING_VERSION = 1.0;
				PRODUCT_BUNDLE_IDENTIFIER = com.rosqoe.StopwatchExerciseTests;
				PRODUCT_NAME = "$(TARGET_NAME)";
				SWIFT_EMIT_LOC_STRINGS = NO;
				SWIFT_VERSION = 5.0;
				TARGETED_DEVICE_FAMILY = "1,2";
				TEST_HOST = "$(BUILT_PRODUCTS_DIR)/StopwatchExercise.app/$(BUNDLE_EXECUTABLE_FOLDER_PATH)/StopwatchExercise";
			};
			name = Release;
		};
/* End XCBuildConfiguration section */

/* Begin XCConfigurationList section */
		56A7E23C2923CBA200EB64AC /* Build configuration list for PBXProject "StopwatchExercise" */ = {
			isa = XCConfigurationList;
			buildConfigurations = (
				56A7E24D2923CBA400EB64AC /* Debug */,
				56A7E24E2923CBA400EB64AC /* Release */,
			);
			defaultConfigurationIsVisible = 0;
			defaultConfigurationName = Release;
		};
		56A7E24F2923CBA400EB64AC /* Build configuration list for PBXNativeTarget "StopwatchExercise" */ = {
			isa = XCConfigurationList;
			buildConfigurations = (
				56A7E2502923CBA400EB64AC /* Debug */,
				56A7E2512923CBA400EB64AC /* Release */,
			);
			defaultConfigurationIsVisible = 0;
			defaultConfigurationName = Release;
		};
		56A7E25C2923CBEC00EB64AC /* Build configuration list for PBXNativeTarget "StopwatchExerciseTests" */ = {
			isa = XCConfigurationList;
			buildConfigurations = (
				56A7E25D2923CBEC00EB64AC /* Debug */,
				56A7E25E2923CBEC00EB64AC /* Release */,
			);
			defaultConfigurationIsVisible = 0;
			defaultConfigurationName = Release;
		};
/* End XCConfigurationList section */
	};
	rootObject = 56A7E2392923CBA200EB64AC /* Project object */;
}
